{
  "nodes": {
    "gonix": {
      "inputs": {
        "nixpkgs": [
          "nixpkgs"
        ]
      },
      "locked": {
        "lastModified": 1782325110,
        "narHash": "sha256-m+oEhI4dlmZHdVExqEUjDyMRGpKwvN8wDxgIwVRrFdQ=",
        "owner": "sund3RRR",
        "repo": "gonix",
        "rev": "77e1eb70de2e972bda3ee26f9474e0ff199c9dfe",
        "type": "github"
      },
      "original": {
        "owner": "sund3RRR",
        "repo": "gonix",
        "type": "github"
      }
    },
    "nixpkgs": {
      "locked": {
        "lastModified": 1781577229,
        "narHash": "sha256-lrp67w8AulE9Ks53n27I45ADSzbOCn4H+CNW1Ck8B+8=",
        "owner": "NixOS",
        "repo": "nixpkgs",
        "rev": "567a49d1913ce81ac6e9582e3553dd90a955875f",
        "type": "github"
      },
      "original": {
        "owner": "NixOS",
        "ref": "nixos-unstable",
        "repo": "nixpkgs",
        "type": "github"
      }
    },
    "root": {
      "inputs": {
        "gonix": "gonix",
        "nixpkgs": "nixpkgs"
      }
    }
  },
  "root": "root",
  "version": 7
}
